
Microsoft Visual Studio Solution File, Format Version 12.00
# Visual Studio Version 17
VisualStudioVersion = 17.1.32228.430
MinimumVisualStudioVersion = 10.0.40219.1
Project("{FAE04EC0-301F-11D3-BF4B-00C04F79EFBC}") = "vezbanjeCas3", "vezbanjeCas3\vezbanjeCas3.csproj", "{FFF7A85E-45A5-40DA-953F-CD0F44181481}"
EndProject
Global
	GlobalSection(SolutionConfigurationPlatforms) = preSolution
		Debug|Any CPU = Debug|Any CPU
		Release|Any CPU = Release|Any CPU
	EndGlobalSection
	GlobalSection(ProjectConfigurationPlatforms) = postSolution
		{FFF7A85E-45A5-40DA-953F-CD0F44181481}.Debug|Any CPU.ActiveCfg = Debug|Any CPU
		{FFF7A85E-45A5-40DA-953F-CD0F44181481}.Debug|Any CPU.Build.0 = Debug|Any CPU
		{FFF7A85E-45A5-40DA-953F-CD0F44181481}.Release|Any CPU.ActiveCfg = Release|Any CPU
		{FFF7A85E-45A5-40DA-953F-CD0F44181481}.Release|Any CPU.Build.0 = Release|Any CPU
	EndGlobalSection
	GlobalSection(SolutionProperties) = preSolution
		HideSolutionNode = FALSE
	EndGlobalSection
	GlobalSection(ExtensibilityGlobals) = postSolution
		SolutionGuid = {3C9E8123-1C13-4172-BD82-6BD480C31A1E}
	EndGlobalSection
EndGlobal
